
Microsoft Visual Studio Solution File, Format Version 12.00
# Visual Studio 15
VisualStudioVersion = 15.0.28307.168
MinimumVisualStudioVersion = 10.0.40219.1
Project("{F184B08F-C81C-45F6-A57F-5ABD9991F28F}") = "ProjectOyster", "ProjectOyster\ProjectOyster.vbproj", "{364D98F3-B96E-49FA-8DC9-EA017C046625}"
EndProject
Global
	GlobalSection(SolutionConfigurationPlatforms) = preSolution
		Debug|Any CPU = Debug|Any CPU
		Release|Any CPU = Release|Any CPU
	EndGlobalSection
	GlobalSection(ProjectConfigurationPlatforms) = postSolution
		{364D98F3-B96E-49FA-8DC9-EA017C046625}.Debug|Any CPU.ActiveCfg = Debug|Any CPU
		{364D98F3-B96E-49FA-8DC9-EA017C046625}.Debug|Any CPU.Build.0 = Debug|Any CPU
		{364D98F3-B96E-49FA-8DC9-EA017C046625}.Release|Any CPU.ActiveCfg = Release|Any CPU
		{364D98F3-B96E-49FA-8DC9-EA017C046625}.Release|Any CPU.Build.0 = Release|Any CPU
	EndGlobalSection
	GlobalSection(SolutionProperties) = preSolution
		HideSolutionNode = FALSE
	EndGlobalSection
	GlobalSection(ExtensibilityGlobals) = postSolution
		SolutionGuid = {38EF8186-BA67-49A9-829E-E1741BE713B2}
	EndGlobalSection
EndGlobal
